// !$*UTF8*$!
{
	archiveVersion = 1;
	classes = {
	};
	objectVersion = 56;
	objects = {

/* Begin PBXBuildFile section */
		/* App Sources */
		APP001 /* WindowSwitcherApp.swift in Sources */ = {isa = PBXBuildFile; fileRef = SRC001; };
		APP002 /* AppDelegate.swift in Sources */ = {isa = PBXBuildFile; fileRef = SRC002; };
		
		/* Views */
		VIEW001 /* SwitcherWindow.swift in Sources */ = {isa = PBXBuildFile; fileRef = SRC003; };
		VIEW002 /* SearchField.swift in Sources */ = {isa = PBXBuildFile; fileRef = SRC004; };
		VIEW003 /* ResultsList.swift in Sources */ = {isa = PBXBuildFile; fileRef = SRC005; };
		VIEW004 /* ResultItem.swift in Sources */ = {isa = PBXBuildFile; fileRef = SRC006; };
		VIEW005 /* SettingsView.swift in Sources */ = {isa = PBXBuildFile; fileRef = SRC007; };
		
		/* ViewModels */
		VM001 /* SwitcherViewModel.swift in Sources */ = {isa = PBXBuildFile; fileRef = SRC008; };
		VM002 /* SettingsViewModel.swift in Sources */ = {isa = PBXBuildFile; fileRef = SRC009; };
		
		/* Services */
		SVC001 /* WindowService.swift in Sources */ = {isa = PBXBuildFile; fileRef = SRC010; };
		SVC002 /* AccessibilityService.swift in Sources */ = {isa = PBXBuildFile; fileRef = SRC011; };
		SVC003 /* HotkeyService.swift in Sources */ = {isa = PBXBuildFile; fileRef = SRC012; };
		SVC004 /* UpdateService.swift in Sources */ = {isa = PBXBuildFile; fileRef = SRC016; };
		
		/* Models */
		MDL001 /* WindowInfo.swift in Sources */ = {isa = PBXBuildFile; fileRef = SRC013; };
		MDL002 /* AppInfo.swift in Sources */ = {isa = PBXBuildFile; fileRef = SRC014; };
		
		/* Utils */
		UTL001 /* Extensions.swift in Sources */ = {isa = PBXBuildFile; fileRef = SRC015; };
		
		/* Frameworks */
		FRM001 /* KeyboardShortcuts in Frameworks */ = {isa = PBXBuildFile; productRef = PKG001; };
		FRM002 /* Sparkle in Frameworks */ = {isa = PBXBuildFile; productRef = PKG002; };
/* End PBXBuildFile section */

/* Begin PBXFileReference section */
		/* Product */
		PRD001 /* WindowSwitcher.app */ = {isa = PBXFileReference; explicitFileType = wrapper.application; includeInIndex = 0; path = WindowSwitcher.app; sourceTree = BUILT_PRODUCTS_DIR; };
		
		/* Source Files */
		SRC001 /* WindowSwitcherApp.swift */ = {isa = PBXFileReference; lastKnownFileType = sourcecode.swift; path = WindowSwitcherApp.swift; sourceTree = "<group>"; };
		SRC002 /* AppDelegate.swift */ = {isa = PBXFileReference; lastKnownFileType = sourcecode.swift; path = AppDelegate.swift; sourceTree = "<group>"; };
		SRC003 /* SwitcherWindow.swift */ = {isa = PBXFileReference; lastKnownFileType = sourcecode.swift; path = SwitcherWindow.swift; sourceTree = "<group>"; };
		SRC004 /* SearchField.swift */ = {isa = PBXFileReference; lastKnownFileType = sourcecode.swift; path = SearchField.swift; sourceTree = "<group>"; };
		SRC005 /* ResultsList.swift */ = {isa = PBXFileReference; lastKnownFileType = sourcecode.swift; path = ResultsList.swift; sourceTree = "<group>"; };
		SRC006 /* ResultItem.swift */ = {isa = PBXFileReference; lastKnownFileType = sourcecode.swift; path = ResultItem.swift; sourceTree = "<group>"; };
		SRC007 /* SettingsView.swift */ = {isa = PBXFileReference; lastKnownFileType = sourcecode.swift; path = SettingsView.swift; sourceTree = "<group>"; };
		SRC008 /* SwitcherViewModel.swift */ = {isa = PBXFileReference; lastKnownFileType = sourcecode.swift; path = SwitcherViewModel.swift; sourceTree = "<group>"; };
		SRC009 /* SettingsViewModel.swift */ = {isa = PBXFileReference; lastKnownFileType = sourcecode.swift; path = SettingsViewModel.swift; sourceTree = "<group>"; };
		SRC010 /* WindowService.swift */ = {isa = PBXFileReference; lastKnownFileType = sourcecode.swift; path = WindowService.swift; sourceTree = "<group>"; };
		SRC011 /* AccessibilityService.swift */ = {isa = PBXFileReference; lastKnownFileType = sourcecode.swift; path = AccessibilityService.swift; sourceTree = "<group>"; };
		SRC012 /* HotkeyService.swift */ = {isa = PBXFileReference; lastKnownFileType = sourcecode.swift; path = HotkeyService.swift; sourceTree = "<group>"; };
		SRC013 /* WindowInfo.swift */ = {isa = PBXFileReference; lastKnownFileType = sourcecode.swift; path = WindowInfo.swift; sourceTree = "<group>"; };
		SRC014 /* AppInfo.swift */ = {isa = PBXFileReference; lastKnownFileType = sourcecode.swift; path = AppInfo.swift; sourceTree = "<group>"; };
		SRC015 /* Extensions.swift */ = {isa = PBXFileReference; lastKnownFileType = sourcecode.swift; path = Extensions.swift; sourceTree = "<group>"; };
		SRC016 /* UpdateService.swift */ = {isa = PBXFileReference; lastKnownFileType = sourcecode.swift; path = UpdateService.swift; sourceTree = "<group>"; };
		
		/* Resources */
		RES001 /* Info.plist */ = {isa = PBXFileReference; lastKnownFileType = text.plist.xml; path = Info.plist; sourceTree = "<group>"; };
		RES002 /* Assets.xcassets */ = {isa = PBXFileReference; lastKnownFileType = folder.assetcatalog; path = Assets.xcassets; sourceTree = "<group>"; };
/* End PBXFileReference section */

/* Begin PBXFrameworksBuildPhase section */
		FRMPHASE /* Frameworks */ = {
			isa = PBXFrameworksBuildPhase;
			buildActionMask = 2147483647;
			files = (
				FRM001 /* KeyboardShortcuts in Frameworks */,
				FRM002 /* Sparkle in Frameworks */,
			);
			runOnlyForDeploymentPostprocessing = 0;
		};
/* End PBXFrameworksBuildPhase section */

/* Begin PBXGroup section */
		ROOT /* Root */ = {
			isa = PBXGroup;
			children = (
				GRP001 /* WindowSwitcher */,
				GRP_PRODUCTS /* Products */,
			);
			sourceTree = "<group>";
		};
		GRP_PRODUCTS /* Products */ = {
			isa = PBXGroup;
			children = (
				PRD001 /* WindowSwitcher.app */,
			);
			name = Products;
			sourceTree = "<group>";
		};
		GRP001 /* WindowSwitcher */ = {
			isa = PBXGroup;
			children = (
				GRP_SOURCES /* Sources */,
				GRP_RESOURCES /* Resources */,
				RES002 /* Assets.xcassets */,
			);
			path = WindowSwitcher;
			sourceTree = "<group>";
		};
		GRP_SOURCES /* Sources */ = {
			isa = PBXGroup;
			children = (
				GRP_APP /* App */,
				GRP_VIEWS /* Views */,
				GRP_VIEWMODELS /* ViewModels */,
				GRP_SERVICES /* Services */,
				GRP_MODELS /* Models */,
				GRP_UTILS /* Utils */,
			);
			path = Sources;
			sourceTree = "<group>";
		};
		GRP_APP /* App */ = {
			isa = PBXGroup;
			children = (
				SRC001 /* WindowSwitcherApp.swift */,
				SRC002 /* AppDelegate.swift */,
			);
			path = App;
			sourceTree = "<group>";
		};
		GRP_VIEWS /* Views */ = {
			isa = PBXGroup;
			children = (
				SRC003 /* SwitcherWindow.swift */,
				SRC004 /* SearchField.swift */,
				SRC005 /* ResultsList.swift */,
				SRC006 /* ResultItem.swift */,
				SRC007 /* SettingsView.swift */,
			);
			path = Views;
			sourceTree = "<group>";
		};
		GRP_VIEWMODELS /* ViewModels */ = {
			isa = PBXGroup;
			children = (
				SRC008 /* SwitcherViewModel.swift */,
				SRC009 /* SettingsViewModel.swift */,
			);
			path = ViewModels;
			sourceTree = "<group>";
		};
		GRP_SERVICES /* Services */ = {
			isa = PBXGroup;
			children = (
				SRC010 /* WindowService.swift */,
				SRC011 /* AccessibilityService.swift */,
				SRC012 /* HotkeyService.swift */,
				SRC016 /* UpdateService.swift */,
			);
			path = Services;
			sourceTree = "<group>";
		};
		GRP_MODELS /* Models */ = {
			isa = PBXGroup;
			children = (
				SRC013 /* WindowInfo.swift */,
				SRC014 /* AppInfo.swift */,
			);
			path = Models;
			sourceTree = "<group>";
		};
		GRP_UTILS /* Utils */ = {
			isa = PBXGroup;
			children = (
				SRC015 /* Extensions.swift */,
			);
			path = Utils;
			sourceTree = "<group>";
		};
		GRP_RESOURCES /* Resources */ = {
			isa = PBXGroup;
			children = (
				RES001 /* Info.plist */,
			);
			path = Resources;
			sourceTree = "<group>";
		};
/* End PBXGroup section */

/* Begin PBXNativeTarget section */
		TGT001 /* WindowSwitcher */ = {
			isa = PBXNativeTarget;
			buildConfigurationList = CFG_LIST_TARGET;
			buildPhases = (
				SRCPHASE /* Sources */,
				FRMPHASE /* Frameworks */,
				RESPHASE /* Resources */,
			);
			buildRules = (
			);
			dependencies = (
			);
			name = WindowSwitcher;
			packageProductDependencies = (
				PKG001 /* KeyboardShortcuts */,
				PKG002 /* Sparkle */,
			);
			productName = WindowSwitcher;
			productReference = PRD001 /* WindowSwitcher.app */;
			productType = "com.apple.product-type.application";
		};
/* End PBXNativeTarget section */

/* Begin PBXProject section */
		PRJ001 /* Project object */ = {
			isa = PBXProject;
			attributes = {
				BuildIndependentTargetsInParallel = 1;
				LastSwiftUpdateCheck = 1500;
				LastUpgradeCheck = 1500;
				TargetAttributes = {
					TGT001 = {
						CreatedOnToolsVersion = 15.0;
					};
				};
			};
			buildConfigurationList = CFG_LIST_PROJECT;
			compatibilityVersion = "Xcode 14.0";
			developmentRegion = en;
			hasScannedForEncodings = 0;
			knownRegions = (
				en,
				Base,
			);
			mainGroup = ROOT;
			packageReferences = (
				PKGREF001 /* KeyboardShortcuts */,
				PKGREF002 /* Sparkle */,
			);
			productRefGroup = GRP_PRODUCTS /* Products */;
			projectDirPath = "";
			projectRoot = "";
			targets = (
				TGT001 /* WindowSwitcher */,
			);
		};
/* End PBXProject section */

/* Begin PBXResourcesBuildPhase section */
		RESPHASE /* Resources */ = {
			isa = PBXResourcesBuildPhase;
			buildActionMask = 2147483647;
			files = (
			);
			runOnlyForDeploymentPostprocessing = 0;
		};
/* End PBXResourcesBuildPhase section */

/* Begin PBXSourcesBuildPhase section */
		SRCPHASE /* Sources */ = {
			isa = PBXSourcesBuildPhase;
			buildActionMask = 2147483647;
			files = (
				APP001 /* WindowSwitcherApp.swift in Sources */,
				APP002 /* AppDelegate.swift in Sources */,
				VIEW001 /* SwitcherWindow.swift in Sources */,
				VIEW002 /* SearchField.swift in Sources */,
				VIEW003 /* ResultsList.swift in Sources */,
				VIEW004 /* ResultItem.swift in Sources */,
				VIEW005 /* SettingsView.swift in Sources */,
				VM001 /* SwitcherViewModel.swift in Sources */,
				VM002 /* SettingsViewModel.swift in Sources */,
				SVC001 /* WindowService.swift in Sources */,
				SVC002 /* AccessibilityService.swift in Sources */,
				SVC003 /* HotkeyService.swift in Sources */,
				SVC004 /* UpdateService.swift in Sources */,
				MDL001 /* WindowInfo.swift in Sources */,
				MDL002 /* AppInfo.swift in Sources */,
				UTL001 /* Extensions.swift in Sources */,
			);
			runOnlyForDeploymentPostprocessing = 0;
		};
/* End PBXSourcesBuildPhase section */

/* Begin XCBuildConfiguration section */
		CFG_DEBUG_PROJECT /* Debug */ = {
			isa = XCBuildConfiguration;
			buildSettings = {
				ALWAYS_SEARCH_USER_PATHS = NO;
				ASSETCATALOG_COMPILER_GENERATE_SWIFT_ASSET_SYMBOL_EXTENSIONS = YES;
				CLANG_ANALYZER_NONNULL = YES;
				CLANG_ANALYZER_NUMBER_OBJECT_CONVERSION = YES_AGGRESSIVE;
				CLANG_CXX_LANGUAGE_STANDARD = "gnu++20";
				CLANG_ENABLE_MODULES = YES;
				CLANG_ENABLE_OBJC_ARC = YES;
				CLANG_ENABLE_OBJC_WEAK = YES;
				CLANG_WARN_BLOCK_CAPTURE_AUTORELEASING = YES;
				CLANG_WARN_BOOL_CONVERSION = YES;
				CLANG_WARN_COMMA = YES;
				CLANG_WARN_CONSTANT_CONVERSION = YES;
				CLANG_WARN_DEPRECATED_OBJC_IMPLEMENTATIONS = YES;
				CLANG_WARN_DIRECT_OBJC_ISA_USAGE = YES_ERROR;
				CLANG_WARN_DOCUMENTATION_COMMENTS = YES;
				CLANG_WARN_EMPTY_BODY = YES;
				CLANG_WARN_ENUM_CONVERSION = YES;
				CLANG_WARN_INFINITE_RECURSION = YES;
				CLANG_WARN_INT_CONVERSION = YES;
				CLANG_WARN_NON_LITERAL_NULL_CONVERSION = YES;
				CLANG_WARN_OBJC_IMPLICIT_RETAIN_SELF = YES;
				CLANG_WARN_OBJC_LITERAL_CONVERSION = YES;
				CLANG_WARN_OBJC_ROOT_CLASS = YES_ERROR;
				CLANG_WARN_QUOTED_INCLUDE_IN_FRAMEWORK_HEADER = YES;
				CLANG_WARN_RANGE_LOOP_ANALYSIS = YES;
				CLANG_WARN_STRICT_PROTOTYPES = YES;
				CLANG_WARN_SUSPICIOUS_MOVE = YES;
				CLANG_WARN_UNGUARDED_AVAILABILITY = YES_AGGRESSIVE;
				CLANG_WARN_UNREACHABLE_CODE = YES;
				CLANG_WARN__DUPLICATE_METHOD_MATCH = YES;
				COPY_PHASE_STRIP = NO;
				DEBUG_INFORMATION_FORMAT = dwarf;
				ENABLE_STRICT_OBJC_MSGSEND = YES;
				ENABLE_TESTABILITY = YES;
				ENABLE_USER_SCRIPT_SANDBOXING = YES;
				GCC_C_LANGUAGE_STANDARD = gnu17;
				GCC_DYNAMIC_NO_PIC = NO;
				GCC_NO_COMMON_BLOCKS = YES;
				GCC_OPTIMIZATION_LEVEL = 0;
				GCC_PREPROCESSOR_DEFINITIONS = (
					"DEBUG=1",
					"$(inherited)",
				);
				GCC_WARN_64_TO_32_BIT_CONVERSION = YES;
				GCC_WARN_ABOUT_RETURN_TYPE = YES_ERROR;
				GCC_WARN_UNDECLARED_SELECTOR = YES;
				GCC_WARN_UNINITIALIZED_AUTOS = YES_AGGRESSIVE;
				GCC_WARN_UNUSED_FUNCTION = YES;
				GCC_WARN_UNUSED_VARIABLE = YES;
				LOCALIZATION_PREFERS_STRING_CATALOGS = YES;
				MACOSX_DEPLOYMENT_TARGET = 14.0;
				MTL_ENABLE_DEBUG_INFO = INCLUDE_SOURCE;
				MTL_FAST_MATH = YES;
				ONLY_ACTIVE_ARCH = YES;
				SDKROOT = macosx;
				SWIFT_ACTIVE_COMPILATION_CONDITIONS = "DEBUG $(inherited)";
				SWIFT_OPTIMIZATION_LEVEL = "-Onone";
			};
			name = Debug;
		};
		CFG_RELEASE_PROJECT /* Release */ = {
			isa = XCBuildConfiguration;
			buildSettings = {
				ALWAYS_SEARCH_USER_PATHS = NO;
				ASSETCATALOG_COMPILER_GENERATE_SWIFT_ASSET_SYMBOL_EXTENSIONS = YES;
				CLANG_ANALYZER_NONNULL = YES;
				CLANG_ANALYZER_NUMBER_OBJECT_CONVERSION = YES_AGGRESSIVE;
				CLANG_CXX_LANGUAGE_STANDARD = "gnu++20";
				CLANG_ENABLE_MODULES = YES;
				CLANG_ENABLE_OBJC_ARC = YES;
				CLANG_ENABLE_OBJC_WEAK = YES;
				CLANG_WARN_BLOCK_CAPTURE_AUTORELEASING = YES;
				CLANG_WARN_BOOL_CONVERSION = YES;
				CLANG_WARN_COMMA = YES;
				CLANG_WARN_CONSTANT_CONVERSION = YES;
				CLANG_WARN_DEPRECATED_OBJC_IMPLEMENTATIONS = YES;
				CLANG_WARN_DIRECT_OBJC_ISA_USAGE = YES_ERROR;
				CLANG_WARN_DOCUMENTATION_COMMENTS = YES;
				CLANG_WARN_EMPTY_BODY = YES;
				CLANG_WARN_ENUM_CONVERSION = YES;
				CLANG_WARN_INFINITE_RECURSION = YES;
				CLANG_WARN_INT_CONVERSION = YES;
				CLANG_WARN_NON_LITERAL_NULL_CONVERSION = YES;
				CLANG_WARN_OBJC_IMPLICIT_RETAIN_SELF = YES;
				CLANG_WARN_OBJC_LITERAL_CONVERSION = YES;
				CLANG_WARN_OBJC_ROOT_CLASS = YES_ERROR;
				CLANG_WARN_QUOTED_INCLUDE_IN_FRAMEWORK_HEADER = YES;
				CLANG_WARN_RANGE_LOOP_ANALYSIS = YES;
				CLANG_WARN_STRICT_PROTOTYPES = YES;
				CLANG_WARN_SUSPICIOUS_MOVE = YES;
				CLANG_WARN_UNGUARDED_AVAILABILITY = YES_AGGRESSIVE;
				CLANG_WARN_UNREACHABLE_CODE = YES;
				CLANG_WARN__DUPLICATE_METHOD_MATCH = YES;
				COPY_PHASE_STRIP = NO;
				DEBUG_INFORMATION_FORMAT = "dwarf-with-dsym";
				ENABLE_NS_ASSERTIONS = NO;
				ENABLE_STRICT_OBJC_MSGSEND = YES;
				ENABLE_USER_SCRIPT_SANDBOXING = YES;
				GCC_C_LANGUAGE_STANDARD = gnu17;
				GCC_NO_COMMON_BLOCKS = YES;
				GCC_WARN_64_TO_32_BIT_CONVERSION = YES;
				GCC_WARN_ABOUT_RETURN_TYPE = YES_ERROR;
				GCC_WARN_UNDECLARED_SELECTOR = YES;
				GCC_WARN_UNINITIALIZED_AUTOS = YES_AGGRESSIVE;
				GCC_WARN_UNUSED_FUNCTION = YES;
				GCC_WARN_UNUSED_VARIABLE = YES;
				LOCALIZATION_PREFERS_STRING_CATALOGS = YES;
				MACOSX_DEPLOYMENT_TARGET = 14.0;
				MTL_ENABLE_DEBUG_INFO = NO;
				MTL_FAST_MATH = YES;
				SDKROOT = macosx;
				SWIFT_COMPILATION_MODE = wholemodule;
			};
			name = Release;
		};
		CFG_DEBUG_TARGET /* Debug */ = {
			isa = XCBuildConfiguration;
			buildSettings = {
				ASSETCATALOG_COMPILER_APPICON_NAME = AppIcon;
				ASSETCATALOG_COMPILER_GLOBAL_ACCENT_COLOR_NAME = AccentColor;
				CODE_SIGN_ENTITLEMENTS = WindowSwitcher/Resources/WindowSwitcher.entitlements;
				CODE_SIGN_STYLE = Automatic;
				COMBINE_HIDPI_IMAGES = YES;
				CURRENT_PROJECT_VERSION = 1;
				DEVELOPMENT_TEAM = "";
				ENABLE_HARDENED_RUNTIME = YES;
				GENERATE_INFOPLIST_FILE = YES;
				INFOPLIST_FILE = WindowSwitcher/Resources/Info.plist;
				INFOPLIST_KEY_CFBundleDisplayName = WindowSwitcher;
				INFOPLIST_KEY_LSApplicationCategoryType = "public.app-category.productivity";
				INFOPLIST_KEY_LSUIElement = YES;
				INFOPLIST_KEY_NSHumanReadableCopyright = "";
				LD_RUNPATH_SEARCH_PATHS = (
					"$(inherited)",
					"@executable_path/../Frameworks",
				);
				MARKETING_VERSION = 1.0.0;
				PRODUCT_BUNDLE_IDENTIFIER = com.windowswitcher.app;
				PRODUCT_NAME = "$(TARGET_NAME)";
				SWIFT_EMIT_LOC_STRINGS = YES;
				SWIFT_VERSION = 5.0;
			};
			name = Debug;
		};
		CFG_RELEASE_TARGET /* Release */ = {
			isa = XCBuildConfiguration;
			buildSettings = {
				ASSETCATALOG_COMPILER_APPICON_NAME = AppIcon;
				ASSETCATALOG_COMPILER_GLOBAL_ACCENT_COLOR_NAME = AccentColor;
				CODE_SIGN_ENTITLEMENTS = WindowSwitcher/Resources/WindowSwitcher.entitlements;
				CODE_SIGN_STYLE = Automatic;
				COMBINE_HIDPI_IMAGES = YES;
				CURRENT_PROJECT_VERSION = 1;
				DEVELOPMENT_TEAM = "";
				ENABLE_HARDENED_RUNTIME = YES;
				GENERATE_INFOPLIST_FILE = YES;
				INFOPLIST_FILE = WindowSwitcher/Resources/Info.plist;
				INFOPLIST_KEY_CFBundleDisplayName = WindowSwitcher;
				INFOPLIST_KEY_LSApplicationCategoryType = "public.app-category.productivity";
				INFOPLIST_KEY_LSUIElement = YES;
				INFOPLIST_KEY_NSHumanReadableCopyright = "";
				LD_RUNPATH_SEARCH_PATHS = (
					"$(inherited)",
					"@executable_path/../Frameworks",
				);
				MARKETING_VERSION = 1.0.0;
				PRODUCT_BUNDLE_IDENTIFIER = com.windowswitcher.app;
				PRODUCT_NAME = "$(TARGET_NAME)";
				SWIFT_EMIT_LOC_STRINGS = YES;
				SWIFT_VERSION = 5.0;
			};
			name = Release;
		};
/* End XCBuildConfiguration section */

/* Begin XCConfigurationList section */
		CFG_LIST_PROJECT /* Build configuration list for PBXProject */ = {
			isa = XCConfigurationList;
			buildConfigurations = (
				CFG_DEBUG_PROJECT /* Debug */,
				CFG_RELEASE_PROJECT /* Release */,
			);
			defaultConfigurationIsVisible = 0;
			defaultConfigurationName = Release;
		};
		CFG_LIST_TARGET /* Build configuration list for PBXNativeTarget */ = {
			isa = XCConfigurationList;
			buildConfigurations = (
				CFG_DEBUG_TARGET /* Debug */,
				CFG_RELEASE_TARGET /* Release */,
			);
			defaultConfigurationIsVisible = 0;
			defaultConfigurationName = Release;
		};
/* End XCConfigurationList section */

/* Begin XCRemoteSwiftPackageReference section */
		PKGREF001 /* KeyboardShortcuts */ = {
			isa = XCRemoteSwiftPackageReference;
			repositoryURL = "https://github.com/sindresorhus/KeyboardShortcuts.git";
			requirement = {
				kind = upToNextMajorVersion;
				minimumVersion = 2.0.0;
			};
		};
		PKGREF002 /* Sparkle */ = {
			isa = XCRemoteSwiftPackageReference;
			repositoryURL = "https://github.com/sparkle-project/Sparkle.git";
			requirement = {
				kind = upToNextMajorVersion;
				minimumVersion = 2.0.0;
			};
		};
/* End XCRemoteSwiftPackageReference section */

/* Begin XCSwiftPackageProductDependency section */
		PKG001 /* KeyboardShortcuts */ = {
			isa = XCSwiftPackageProductDependency;
			package = PKGREF001 /* KeyboardShortcuts */;
			productName = KeyboardShortcuts;
		};
		PKG002 /* Sparkle */ = {
			isa = XCSwiftPackageProductDependency;
			package = PKGREF002 /* Sparkle */;
			productName = Sparkle;
		};
/* End XCSwiftPackageProductDependency section */
	};
	rootObject = PRJ001 /* Project object */;
}
